
Microsoft Visual Studio Solution File, Format Version 12.00
# Visual Studio Version 17
VisualStudioVersion = 17.8.34316.72
MinimumVisualStudioVersion = 10.0.40219.1
Project("{FAE04EC0-301F-11D3-BF4B-00C04F79EFBC}") = "Hangman", "Hangman\Hangman.csproj", "{6974A066-1F7F-4973-8840-9DC972F6A485}"
EndProject
Global
	GlobalSection(SolutionConfigurationPlatforms) = preSolution
		Debug|Any CPU = Debug|Any CPU
		Release|Any CPU = Release|Any CPU
	EndGlobalSection
	GlobalSection(ProjectConfigurationPlatforms) = postSolution
		{6974A066-1F7F-4973-8840-9DC972F6A485}.Debug|Any CPU.ActiveCfg = Debug|Any CPU
		{6974A066-1F7F-4973-8840-9DC972F6A485}.Debug|Any CPU.Build.0 = Debug|Any CPU
		{6974A066-1F7F-4973-8840-9DC972F6A485}.Release|Any CPU.ActiveCfg = Release|Any CPU
		{6974A066-1F7F-4973-8840-9DC972F6A485}.Release|Any CPU.Build.0 = Release|Any CPU
	EndGlobalSection
	GlobalSection(SolutionProperties) = preSolution
		HideSolutionNode = FALSE
	EndGlobalSection
	GlobalSection(ExtensibilityGlobals) = postSolution
		SolutionGuid = {079A1D5F-E04A-4BCB-87B8-B9933FF41F48}
	EndGlobalSection
EndGlobal
